// !$*UTF8*$!
{
	archiveVersion = 1;
	classes = {
	};
	objectVersion = 46;
	objects = {

/* Begin PBXBuildFile section */
		9B77F1B81CE878420028689B /* CloudMatchSDK.h in Headers */ = {isa = PBXBuildFile; fileRef = AC7E926718CF64DD00656C47 /* CloudMatchSDK.h */; settings = {ATTRIBUTES = (Public, ); }; };
		9B77F1B91CE87E300028689B /* CMCloudMatchClient.h in Headers */ = {isa = PBXBuildFile; fileRef = AC7E92BD18CF65BB00656C47 /* CMCloudMatchClient.h */; settings = {ATTRIBUTES = (Public, ); }; };
		9B77F1BA1CE87E320028689B /* CMInnerOuterChecker.h in Headers */ = {isa = PBXBuildFile; fileRef = AC7E92BF18CF65BB00656C47 /* CMInnerOuterChecker.h */; settings = {ATTRIBUTES = (Public, ); }; };
		9B77F1BB1CE87E350028689B /* CMLocation.h in Headers */ = {isa = PBXBuildFile; fileRef = AC7E92C118CF65BB00656C47 /* CMLocation.h */; settings = {ATTRIBUTES = (Public, ); }; };
		9B77F1FD1CE87F770028689B /* SRWebSocket.h in Headers */ = {isa = PBXBuildFile; fileRef = AC7E929E18CF657400656C47 /* SRWebSocket.h */; settings = {ATTRIBUTES = (Public, ); }; };
		9B77F2001CE87F980028689B /* CMJsonConstants.h in Headers */ = {isa = PBXBuildFile; fileRef = AC7E92B418CF65BB00656C47 /* CMJsonConstants.h */; settings = {ATTRIBUTES = (Public, ); }; };
		9B77F2021CE87FAF0028689B /* CMJsonGeneralLabels.h in Headers */ = {isa = PBXBuildFile; fileRef = AC7E92B618CF65BB00656C47 /* CMJsonGeneralLabels.h */; settings = {ATTRIBUTES = (Public, ); }; };
		9B77F2031CE87FAF0028689B /* CMJsonInputLabels.h in Headers */ = {isa = PBXBuildFile; fileRef = AC7E92B818CF65BB00656C47 /* CMJsonInputLabels.h */; settings = {ATTRIBUTES = (Public, ); }; };
		9B77F2041CE87FAF0028689B /* CMResponsesConstants.h in Headers */ = {isa = PBXBuildFile; fileRef = AC7E92BA18CF65BB00656C47 /* CMResponsesConstants.h */; settings = {ATTRIBUTES = (Public, ); }; };
		9B77F2051CE87FAF0028689B /* CMSwipeConstants.h in Headers */ = {isa = PBXBuildFile; fileRef = AC7E92BC18CF65BB00656C47 /* CMSwipeConstants.h */; settings = {ATTRIBUTES = (Public, ); }; };
		9B77F20A1CE8800D0028689B /* CMOnMovementDelegate.h in Headers */ = {isa = PBXBuildFile; fileRef = AC7E92F018CF65BB00656C47 /* CMOnMovementDelegate.h */; settings = {ATTRIBUTES = (Public, ); }; };
		9B77F2111CE8807C0028689B /* CMSwipeTranslationHelper.h in Headers */ = {isa = PBXBuildFile; fileRef = AC7E92C918CF65BB00656C47 /* CMSwipeTranslationHelper.h */; settings = {ATTRIBUTES = (Public, ); }; };
		9B77F2141CE880B00028689B /* CMDeliveryInput.h in Headers */ = {isa = PBXBuildFile; fileRef = AC7E92D518CF65BB00656C47 /* CMDeliveryInput.h */; settings = {ATTRIBUTES = (Public, ); }; };
		9B77F2151CE880B00028689B /* CMDisconnectInput.h in Headers */ = {isa = PBXBuildFile; fileRef = AC7E92D718CF65BB00656C47 /* CMDisconnectInput.h */; settings = {ATTRIBUTES = (Public, ); }; };
		9B77F2161CE880B00028689B /* CMLeaveGroupInput.h in Headers */ = {isa = PBXBuildFile; fileRef = AC7E92D918CF65BB00656C47 /* CMLeaveGroupInput.h */; settings = {ATTRIBUTES = (Public, ); }; };
		9B77F2171CE880B00028689B /* CMMatchInput.h in Headers */ = {isa = PBXBuildFile; fileRef = AC7E92DB18CF65BB00656C47 /* CMMatchInput.h */; settings = {ATTRIBUTES = (Public, ); }; };
		9B77F2181CE880B00028689B /* CMMatcheeDelivery.h in Headers */ = {isa = PBXBuildFile; fileRef = AC7E92DE18CF65BB00656C47 /* CMMatcheeDelivery.h */; settings = {ATTRIBUTES = (Public, ); }; };
		9B77F2191CE880B00028689B /* CMMatcheeDeliveryMessage.h in Headers */ = {isa = PBXBuildFile; fileRef = AC7E92E018CF65BB00656C47 /* CMMatcheeDeliveryMessage.h */; settings = {ATTRIBUTES = (Public, ); }; };
		9B77F21A1CE880B00028689B /* CMMatcheeLeftMessage.h in Headers */ = {isa = PBXBuildFile; fileRef = AC7E92E218CF65BB00656C47 /* CMMatcheeLeftMessage.h */; settings = {ATTRIBUTES = (Public, ); }; };
		9B77F21B1CE880B00028689B /* CMDeliveryResponse.h in Headers */ = {isa = PBXBuildFile; fileRef = AC7E92E518CF65BB00656C47 /* CMDeliveryResponse.h */; settings = {ATTRIBUTES = (Public, ); }; };
		9B77F21C1CE880B00028689B /* CMLeaveGroupResponse.h in Headers */ = {isa = PBXBuildFile; fileRef = AC7E92E918CF65BB00656C47 /* CMLeaveGroupResponse.h */; settings = {ATTRIBUTES = (Public, ); }; };
		9B77F21D1CE880B00028689B /* CMMatchResponse.h in Headers */ = {isa = PBXBuildFile; fileRef = AC7E92EB18CF65BB00656C47 /* CMMatchResponse.h */; settings = {ATTRIBUTES = (Public, ); }; };
		9B77F21E1CE880B00028689B /* CMOnServerEventDelegate.h in Headers */ = {isa = PBXBuildFile; fileRef = AC7E92F118CF65BB00656C47 /* CMOnServerEventDelegate.h */; settings = {ATTRIBUTES = (Public, ); }; };
		9B77F21F1CE880B00028689B /* CMOnServerMessageDelegate.h in Headers */ = {isa = PBXBuildFile; fileRef = AC7E92F218CF65BB00656C47 /* CMOnServerMessageDelegate.h */; settings = {ATTRIBUTES = (Public, ); }; };
		9B77F2221CE880D30028689B /* CMMatchHelper.h in Headers */ = {isa = PBXBuildFile; fileRef = AC7E92C718CF65BB00656C47 /* CMMatchHelper.h */; settings = {ATTRIBUTES = (Public, ); }; };
		9B77F2231CE880D30028689B /* CMUtilities.h in Headers */ = {isa = PBXBuildFile; fileRef = AC7E92CB18CF65BB00656C47 /* CMUtilities.h */; settings = {ATTRIBUTES = (Public, ); }; };
		9B77F2261CE880F40028689B /* CMDeviceInScheme.h in Headers */ = {isa = PBXBuildFile; fileRef = AC7E92CE18CF65BB00656C47 /* CMDeviceInScheme.h */; settings = {ATTRIBUTES = (Public, ); }; };
		9B77F2271CE880F40028689B /* CMIntegerPoint.h in Headers */ = {isa = PBXBuildFile; fileRef = AC7E92D018CF65BB00656C47 /* CMIntegerPoint.h */; settings = {ATTRIBUTES = (Public, ); }; };
		9B77F2281CE880F40028689B /* CMPositionScheme.h in Headers */ = {isa = PBXBuildFile; fileRef = AC7E92D218CF65BB00656C47 /* CMPositionScheme.h */; settings = {ATTRIBUTES = (Public, ); }; };
		9B77F22B1CE881110028689B /* CMServerMessagesHandler.h in Headers */ = {isa = PBXBuildFile; fileRef = AC7E92C418CF65BB00656C47 /* CMServerMessagesHandler.h */; settings = {ATTRIBUTES = (Public, ); }; };
		9B8E4E8A1CE7166900CF9E51 /* CouldmatchSDK.h in Headers */ = {isa = PBXBuildFile; fileRef = 9B8E4E891CE7166900CF9E51 /* CouldmatchSDK.h */; settings = {ATTRIBUTES = (Public, ); }; };
		9B8E4E9E1CE716C600CF9E51 /* SSKeychain.m in Sources */ = {isa = PBXBuildFile; fileRef = AC7E92A818CF657F00656C47 /* SSKeychain.m */; };
		9B8E4E9F1CE716C900CF9E51 /* SSKeychainQuery.m in Sources */ = {isa = PBXBuildFile; fileRef = AC7E92AA18CF657F00656C47 /* SSKeychainQuery.m */; };
		9B8E4EA01CE716DE00CF9E51 /* base64.h in Headers */ = {isa = PBXBuildFile; fileRef = AC7E929A18CF657400656C47 /* base64.h */; settings = {ATTRIBUTES = (Public, ); }; };
		9B8E4EA11CE716E000CF9E51 /* NSData+SRB64Additions.m in Sources */ = {isa = PBXBuildFile; fileRef = AC7E929C18CF657400656C47 /* NSData+SRB64Additions.m */; };
		9B8E4EA21CE716E300CF9E51 /* SRWebSocket.m in Sources */ = {isa = PBXBuildFile; fileRef = AC7E929F18CF657400656C47 /* SRWebSocket.m */; };
		9B8E4EA41CE7170000CF9E51 /* CMJsonConstants.m in Sources */ = {isa = PBXBuildFile; fileRef = AC7E92B518CF65BB00656C47 /* CMJsonConstants.m */; };
		9B8E4EA51CE7170200CF9E51 /* CMJsonGeneralLabels.m in Sources */ = {isa = PBXBuildFile; fileRef = AC7E92B718CF65BB00656C47 /* CMJsonGeneralLabels.m */; };
		9B8E4EA61CE7170400CF9E51 /* CMJsonInputLabels.m in Sources */ = {isa = PBXBuildFile; fileRef = AC7E92B918CF65BB00656C47 /* CMJsonInputLabels.m */; };
		9B8E4EA71CE7170700CF9E51 /* CMResponsesConstants.m in Sources */ = {isa = PBXBuildFile; fileRef = AC7E92BB18CF65BB00656C47 /* CMResponsesConstants.m */; };
		9B8E4EA81CE7170A00CF9E51 /* CMCloudMatchClient.m in Sources */ = {isa = PBXBuildFile; fileRef = AC7E92BE18CF65BB00656C47 /* CMCloudMatchClient.m */; };
		9B8E4EA91CE7170C00CF9E51 /* CMInnerOuterChecker.m in Sources */ = {isa = PBXBuildFile; fileRef = AC7E92C018CF65BB00656C47 /* CMInnerOuterChecker.m */; };
		9B8E4EAA1CE7170F00CF9E51 /* CMLocation.m in Sources */ = {isa = PBXBuildFile; fileRef = AC7E92C218CF65BB00656C47 /* CMLocation.m */; };
		9B8E4EAB1CE7171400CF9E51 /* CMServerMessagesHandler.m in Sources */ = {isa = PBXBuildFile; fileRef = AC7E92C518CF65BB00656C47 /* CMServerMessagesHandler.m */; };
		9B8E4EAC1CE7171800CF9E51 /* CMMatchHelper.m in Sources */ = {isa = PBXBuildFile; fileRef = AC7E92C818CF65BB00656C47 /* CMMatchHelper.m */; };
		9B8E4EAD1CE7171A00CF9E51 /* CMSwipeTranslationHelper.m in Sources */ = {isa = PBXBuildFile; fileRef = AC7E92CA18CF65BB00656C47 /* CMSwipeTranslationHelper.m */; };
		9B8E4EAE1CE7171C00CF9E51 /* CMUtilities.m in Sources */ = {isa = PBXBuildFile; fileRef = AC7E92CC18CF65BB00656C47 /* CMUtilities.m */; };
		9B8E4EAF1CE7172200CF9E51 /* CMDeviceInScheme.m in Sources */ = {isa = PBXBuildFile; fileRef = AC7E92CF18CF65BB00656C47 /* CMDeviceInScheme.m */; };
		9B8E4EB01CE7172800CF9E51 /* CMIntegerPoint.m in Sources */ = {isa = PBXBuildFile; fileRef = AC7E92D118CF65BB00656C47 /* CMIntegerPoint.m */; };
		9B8E4EB11CE7173200CF9E51 /* CMPositionScheme.m in Sources */ = {isa = PBXBuildFile; fileRef = AC7E92D318CF65BB00656C47 /* CMPositionScheme.m */; };
		9B8E4EB21CE7173B00CF9E51 /* CMDeliveryInput.m in Sources */ = {isa = PBXBuildFile; fileRef = AC7E92D618CF65BB00656C47 /* CMDeliveryInput.m */; };
		9B8E4EB31CE7173D00CF9E51 /* CMDisconnectInput.m in Sources */ = {isa = PBXBuildFile; fileRef = AC7E92D818CF65BB00656C47 /* CMDisconnectInput.m */; };
		9B8E4EB41CE7174000CF9E51 /* CMLeaveGroupInput.m in Sources */ = {isa = PBXBuildFile; fileRef = AC7E92DA18CF65BB00656C47 /* CMLeaveGroupInput.m */; };
		9B8E4EB51CE7174200CF9E51 /* CMMatchInput.m in Sources */ = {isa = PBXBuildFile; fileRef = AC7E92DC18CF65BB00656C47 /* CMMatchInput.m */; };
		9B8E4EB61CE7174600CF9E51 /* CMMatcheeDelivery.m in Sources */ = {isa = PBXBuildFile; fileRef = AC7E92DF18CF65BB00656C47 /* CMMatcheeDelivery.m */; };
		9B8E4EB71CE7174900CF9E51 /* CMMatcheeDeliveryMessage.m in Sources */ = {isa = PBXBuildFile; fileRef = AC7E92E118CF65BB00656C47 /* CMMatcheeDeliveryMessage.m */; };
		9B8E4EB81CE7174B00CF9E51 /* CMMatcheeLeftMessage.m in Sources */ = {isa = PBXBuildFile; fileRef = AC7E92E318CF65BB00656C47 /* CMMatcheeLeftMessage.m */; };
		9B8E4EB91CE7174F00CF9E51 /* CMDeliveryResponse.m in Sources */ = {isa = PBXBuildFile; fileRef = AC7E92E618CF65BB00656C47 /* CMDeliveryResponse.m */; };
		9B8E4EBA1CE7175300CF9E51 /* CMLeaveGroupResponse.m in Sources */ = {isa = PBXBuildFile; fileRef = AC7E92EA18CF65BB00656C47 /* CMLeaveGroupResponse.m */; };
		9B8E4EBB1CE7175500CF9E51 /* CMMatchResponse.m in Sources */ = {isa = PBXBuildFile; fileRef = AC7E92EC18CF65BB00656C47 /* CMMatchResponse.m */; };
		9B8E4EBD1CE7176000CF9E51 /* CloudMatchSDK.m in Sources */ = {isa = PBXBuildFile; fileRef = AC7E926818CF64DD00656C47 /* CloudMatchSDK.m */; };
		9B8E4EBF1CE7178600CF9E51 /* CFNetwork.framework in Frameworks */ = {isa = PBXBuildFile; fileRef = 9B8E4EBE1CE7178600CF9E51 /* CFNetwork.framework */; };
		9B8E4EC11CE7181500CF9E51 /* SystemConfiguration.framework in Frameworks */ = {isa = PBXBuildFile; fileRef = 9B8E4EC01CE7181500CF9E51 /* SystemConfiguration.framework */; };
		9B8E4EC21CE7184F00CF9E51 /* base64.c in Sources */ = {isa = PBXBuildFile; fileRef = AC7E929918CF657400656C47 /* base64.c */; };
		9B8E4EC41CE718FE00CF9E51 /* libicucore.tbd in Frameworks */ = {isa = PBXBuildFile; fileRef = 9B8E4EC31CE718FE00CF9E51 /* libicucore.tbd */; };
/* End PBXBuildFile section */

/* Begin PBXFileReference section */
		9B8E4E871CE7166900CF9E51 /* CouldmatchSDK.framework */ = {isa = PBXFileReference; explicitFileType = wrapper.framework; includeInIndex = 0; path = CouldmatchSDK.framework; sourceTree = BUILT_PRODUCTS_DIR; };
		9B8E4E891CE7166900CF9E51 /* CouldmatchSDK.h */ = {isa = PBXFileReference; lastKnownFileType = sourcecode.c.h; path = CouldmatchSDK.h; sourceTree = "<group>"; };
		9B8E4E8B1CE7166900CF9E51 /* Info.plist */ = {isa = PBXFileReference; lastKnownFileType = text.plist.xml; path = Info.plist; sourceTree = "<group>"; };
		9B8E4EBE1CE7178600CF9E51 /* CFNetwork.framework */ = {isa = PBXFileReference; lastKnownFileType = wrapper.framework; name = CFNetwork.framework; path = System/Library/Frameworks/CFNetwork.framework; sourceTree = SDKROOT; };
		9B8E4EC01CE7181500CF9E51 /* SystemConfiguration.framework */ = {isa = PBXFileReference; lastKnownFileType = wrapper.framework; name = SystemConfiguration.framework; path = System/Library/Frameworks/SystemConfiguration.framework; sourceTree = SDKROOT; };
		9B8E4EC31CE718FE00CF9E51 /* libicucore.tbd */ = {isa = PBXFileReference; lastKnownFileType = "sourcecode.text-based-dylib-definition"; name = libicucore.tbd; path = usr/lib/libicucore.tbd; sourceTree = SDKROOT; };
		AC7E926218CF64DD00656C47 /* CloudMatchSDK-Info.plist */ = {isa = PBXFileReference; lastKnownFileType = text.plist.xml; path = "CloudMatchSDK-Info.plist"; sourceTree = "<group>"; };
		AC7E926418CF64DD00656C47 /* en */ = {isa = PBXFileReference; lastKnownFileType = text.plist.strings; name = en; path = en.lproj/InfoPlist.strings; sourceTree = "<group>"; };
		AC7E926618CF64DD00656C47 /* CloudMatchSDK-Prefix.pch */ = {isa = PBXFileReference; lastKnownFileType = sourcecode.c.h; path = "CloudMatchSDK-Prefix.pch"; sourceTree = "<group>"; };
		AC7E926718CF64DD00656C47 /* CloudMatchSDK.h */ = {isa = PBXFileReference; lastKnownFileType = sourcecode.c.h; path = CloudMatchSDK.h; sourceTree = "<group>"; };
		AC7E926818CF64DD00656C47 /* CloudMatchSDK.m */ = {isa = PBXFileReference; lastKnownFileType = sourcecode.c.objc; path = CloudMatchSDK.m; sourceTree = "<group>"; };
		AC7E929918CF657400656C47 /* base64.c */ = {isa = PBXFileReference; fileEncoding = 4; lastKnownFileType = sourcecode.c.c; path = base64.c; sourceTree = "<group>"; };
		AC7E929A18CF657400656C47 /* base64.h */ = {isa = PBXFileReference; fileEncoding = 4; lastKnownFileType = sourcecode.c.h; path = base64.h; sourceTree = "<group>"; };
		AC7E929B18CF657400656C47 /* NSData+SRB64Additions.h */ = {isa = PBXFileReference; fileEncoding = 4; lastKnownFileType = sourcecode.c.h; path = "NSData+SRB64Additions.h"; sourceTree = "<group>"; };
		AC7E929C18CF657400656C47 /* NSData+SRB64Additions.m */ = {isa = PBXFileReference; fileEncoding = 4; lastKnownFileType = sourcecode.c.objc; path = "NSData+SRB64Additions.m"; sourceTree = "<group>"; };
		AC7E929D18CF657400656C47 /* SocketRocket-Prefix.pch */ = {isa = PBXFileReference; fileEncoding = 4; lastKnownFileType = sourcecode.c.h; path = "SocketRocket-Prefix.pch"; sourceTree = "<group>"; };
		AC7E929E18CF657400656C47 /* SRWebSocket.h */ = {isa = PBXFileReference; fileEncoding = 4; lastKnownFileType = sourcecode.c.h; path = SRWebSocket.h; sourceTree = "<group>"; };
		AC7E929F18CF657400656C47 /* SRWebSocket.m */ = {isa = PBXFileReference; fileEncoding = 4; lastKnownFileType = sourcecode.c.objc; path = SRWebSocket.m; sourceTree = "<group>"; };
		AC7E92A718CF657F00656C47 /* SSKeychain.h */ = {isa = PBXFileReference; fileEncoding = 4; lastKnownFileType = sourcecode.c.h; name = SSKeychain.h; path = sskeychain/SSKeychain/SSKeychain.h; sourceTree = "<group>"; };
		AC7E92A818CF657F00656C47 /* SSKeychain.m */ = {isa = PBXFileReference; fileEncoding = 4; lastKnownFileType = sourcecode.c.objc; name = SSKeychain.m; path = sskeychain/SSKeychain/SSKeychain.m; sourceTree = "<group>"; };
		AC7E92A918CF657F00656C47 /* SSKeychainQuery.h */ = {isa = PBXFileReference; fileEncoding = 4; lastKnownFileType = sourcecode.c.h; name = SSKeychainQuery.h; path = sskeychain/SSKeychain/SSKeychainQuery.h; sourceTree = "<group>"; };
		AC7E92AA18CF657F00656C47 /* SSKeychainQuery.m */ = {isa = PBXFileReference; fileEncoding = 4; lastKnownFileType = sourcecode.c.objc; name = SSKeychainQuery.m; path = sskeychain/SSKeychain/SSKeychainQuery.m; sourceTree = "<group>"; };
		AC7E92B418CF65BB00656C47 /* CMJsonConstants.h */ = {isa = PBXFileReference; fileEncoding = 4; lastKnownFileType = sourcecode.c.h; path = CMJsonConstants.h; sourceTree = "<group>"; };
		AC7E92B518CF65BB00656C47 /* CMJsonConstants.m */ = {isa = PBXFileReference; fileEncoding = 4; lastKnownFileType = sourcecode.c.objc; path = CMJsonConstants.m; sourceTree = "<group>"; };
		AC7E92B618CF65BB00656C47 /* CMJsonGeneralLabels.h */ = {isa = PBXFileReference; fileEncoding = 4; lastKnownFileType = sourcecode.c.h; path = CMJsonGeneralLabels.h; sourceTree = "<group>"; };
		AC7E92B718CF65BB00656C47 /* CMJsonGeneralLabels.m */ = {isa = PBXFileReference; fileEncoding = 4; lastKnownFileType = sourcecode.c.objc; path = CMJsonGeneralLabels.m; sourceTree = "<group>"; };
		AC7E92B818CF65BB00656C47 /* CMJsonInputLabels.h */ = {isa = PBXFileReference; fileEncoding = 4; lastKnownFileType = sourcecode.c.h; path = CMJsonInputLabels.h; sourceTree = "<group>"; };
		AC7E92B918CF65BB00656C47 /* CMJsonInputLabels.m */ = {isa = PBXFileReference; fileEncoding = 4; lastKnownFileType = sourcecode.c.objc; path = CMJsonInputLabels.m; sourceTree = "<group>"; };
		AC7E92BA18CF65BB00656C47 /* CMResponsesConstants.h */ = {isa = PBXFileReference; fileEncoding = 4; lastKnownFileType = sourcecode.c.h; path = CMResponsesConstants.h; sourceTree = "<group>"; };
		AC7E92BB18CF65BB00656C47 /* CMResponsesConstants.m */ = {isa = PBXFileReference; fileEncoding = 4; lastKnownFileType = sourcecode.c.objc; path = CMResponsesConstants.m; sourceTree = "<group>"; };
		AC7E92BC18CF65BB00656C47 /* CMSwipeConstants.h */ = {isa = PBXFileReference; fileEncoding = 4; lastKnownFileType = sourcecode.c.h; path = CMSwipeConstants.h; sourceTree = "<group>"; };
		AC7E92BD18CF65BB00656C47 /* CMCloudMatchClient.h */ = {isa = PBXFileReference; fileEncoding = 4; lastKnownFileType = sourcecode.c.h; path = CMCloudMatchClient.h; sourceTree = "<group>"; };
		AC7E92BE18CF65BB00656C47 /* CMCloudMatchClient.m */ = {isa = PBXFileReference; fileEncoding = 4; lastKnownFileType = sourcecode.c.objc; path = CMCloudMatchClient.m; sourceTree = "<group>"; };
		AC7E92BF18CF65BB00656C47 /* CMInnerOuterChecker.h */ = {isa = PBXFileReference; fileEncoding = 4; lastKnownFileType = sourcecode.c.h; path = CMInnerOuterChecker.h; sourceTree = "<group>"; };
		AC7E92C018CF65BB00656C47 /* CMInnerOuterChecker.m */ = {isa = PBXFileReference; fileEncoding = 4; lastKnownFileType = sourcecode.c.objc; path = CMInnerOuterChecker.m; sourceTree = "<group>"; };
		AC7E92C118CF65BB00656C47 /* CMLocation.h */ = {isa = PBXFileReference; fileEncoding = 4; lastKnownFileType = sourcecode.c.h; path = CMLocation.h; sourceTree = "<group>"; };
		AC7E92C218CF65BB00656C47 /* CMLocation.m */ = {isa = PBXFileReference; fileEncoding = 4; lastKnownFileType = sourcecode.c.objc; path = CMLocation.m; sourceTree = "<group>"; };
		AC7E92C418CF65BB00656C47 /* CMServerMessagesHandler.h */ = {isa = PBXFileReference; fileEncoding = 4; lastKnownFileType = sourcecode.c.h; path = CMServerMessagesHandler.h; sourceTree = "<group>"; };
		AC7E92C518CF65BB00656C47 /* CMServerMessagesHandler.m */ = {isa = PBXFileReference; fileEncoding = 4; lastKnownFileType = sourcecode.c.objc; path = CMServerMessagesHandler.m; sourceTree = "<group>"; };
		AC7E92C718CF65BB00656C47 /* CMMatchHelper.h */ = {isa = PBXFileReference; fileEncoding = 4; lastKnownFileType = sourcecode.c.h; path = CMMatchHelper.h; sourceTree = "<group>"; };
		AC7E92C818CF65BB00656C47 /* CMMatchHelper.m */ = {isa = PBXFileReference; fileEncoding = 4; lastKnownFileType = sourcecode.c.objc; path = CMMatchHelper.m; sourceTree = "<group>"; };
		AC7E92C918CF65BB00656C47 /* CMSwipeTranslationHelper.h */ = {isa = PBXFileReference; fileEncoding = 4; lastKnownFileType = sourcecode.c.h; path = CMSwipeTranslationHelper.h; sourceTree = "<group>"; };
		AC7E92CA18CF65BB00656C47 /* CMSwipeTranslationHelper.m */ = {isa = PBXFileReference; fileEncoding = 4; lastKnownFileType = sourcecode.c.objc; path = CMSwipeTranslationHelper.m; sourceTree = "<group>"; };
		AC7E92CB18CF65BB00656C47 /* CMUtilities.h */ = {isa = PBXFileReference; fileEncoding = 4; lastKnownFileType = sourcecode.c.h; path = CMUtilities.h; sourceTree = "<group>"; };
		AC7E92CC18CF65BB00656C47 /* CMUtilities.m */ = {isa = PBXFileReference; fileEncoding = 4; lastKnownFileType = sourcecode.c.objc; path = CMUtilities.m; sourceTree = "<group>"; };
		AC7E92CE18CF65BB00656C47 /* CMDeviceInScheme.h */ = {isa = PBXFileReference; fileEncoding = 4; lastKnownFileType = sourcecode.c.h; path = CMDeviceInScheme.h; sourceTree = "<group>"; };
		AC7E92CF18CF65BB00656C47 /* CMDeviceInScheme.m */ = {isa = PBXFileReference; fileEncoding = 4; lastKnownFileType = sourcecode.c.objc; path = CMDeviceInScheme.m; sourceTree = "<group>"; };
		AC7E92D018CF65BB00656C47 /* CMIntegerPoint.h */ = {isa = PBXFileReference; fileEncoding = 4; lastKnownFileType = sourcecode.c.h; path = CMIntegerPoint.h; sourceTree = "<group>"; };
		AC7E92D118CF65BB00656C47 /* CMIntegerPoint.m */ = {isa = PBXFileReference; fileEncoding = 4; lastKnownFileType = sourcecode.c.objc; path = CMIntegerPoint.m; sourceTree = "<group>"; };
		AC7E92D218CF65BB00656C47 /* CMPositionScheme.h */ = {isa = PBXFileReference; fileEncoding = 4; lastKnownFileType = sourcecode.c.h; path = CMPositionScheme.h; sourceTree = "<group>"; };
		AC7E92D318CF65BB00656C47 /* CMPositionScheme.m */ = {isa = PBXFileReference; fileEncoding = 4; lastKnownFileType = sourcecode.c.objc; path = CMPositionScheme.m; sourceTree = "<group>"; };
		AC7E92D518CF65BB00656C47 /* CMDeliveryInput.h */ = {isa = PBXFileReference; fileEncoding = 4; lastKnownFileType = sourcecode.c.h; path = CMDeliveryInput.h; sourceTree = "<group>"; };
		AC7E92D618CF65BB00656C47 /* CMDeliveryInput.m */ = {isa = PBXFileReference; fileEncoding = 4; lastKnownFileType = sourcecode.c.objc; path = CMDeliveryInput.m; sourceTree = "<group>"; };
		AC7E92D718CF65BB00656C47 /* CMDisconnectInput.h */ = {isa = PBXFileReference; fileEncoding = 4; lastKnownFileType = sourcecode.c.h; path = CMDisconnectInput.h; sourceTree = "<group>"; };
		AC7E92D818CF65BB00656C47 /* CMDisconnectInput.m */ = {isa = PBXFileReference; fileEncoding = 4; lastKnownFileType = sourcecode.c.objc; path = CMDisconnectInput.m; sourceTree = "<group>"; };
		AC7E92D918CF65BB00656C47 /* CMLeaveGroupInput.h */ = {isa = PBXFileReference; fileEncoding = 4; lastKnownFileType = sourcecode.c.h; path = CMLeaveGroupInput.h; sourceTree = "<group>"; };
		AC7E92DA18CF65BB00656C47 /* CMLeaveGroupInput.m */ = {isa = PBXFileReference; fileEncoding = 4; lastKnownFileType = sourcecode.c.objc; path = CMLeaveGroupInput.m; sourceTree = "<group>"; };
		AC7E92DB18CF65BB00656C47 /* CMMatchInput.h */ = {isa = PBXFileReference; fileEncoding = 4; lastKnownFileType = sourcecode.c.h; path = CMMatchInput.h; sourceTree = "<group>"; };
		AC7E92DC18CF65BB00656C47 /* CMMatchInput.m */ = {isa = PBXFileReference; fileEncoding = 4; lastKnownFileType = sourcecode.c.objc; path = CMMatchInput.m; sourceTree = "<group>"; };
		AC7E92DE18CF65BB00656C47 /* CMMatcheeDelivery.h */ = {isa = PBXFileReference; fileEncoding = 4; lastKnownFileType = sourcecode.c.h; path = CMMatcheeDelivery.h; sourceTree = "<group>"; };
		AC7E92DF18CF65BB00656C47 /* CMMatcheeDelivery.m */ = {isa = PBXFileReference; fileEncoding = 4; lastKnownFileType = sourcecode.c.objc; path = CMMatcheeDelivery.m; sourceTree = "<group>"; };
		AC7E92E018CF65BB00656C47 /* CMMatcheeDeliveryMessage.h */ = {isa = PBXFileReference; fileEncoding = 4; lastKnownFileType = sourcecode.c.h; path = CMMatcheeDeliveryMessage.h; sourceTree = "<group>"; };
		AC7E92E118CF65BB00656C47 /* CMMatcheeDeliveryMessage.m */ = {isa = PBXFileReference; fileEncoding = 4; lastKnownFileType = sourcecode.c.objc; path = CMMatcheeDeliveryMessage.m; sourceTree = "<group>"; };
		AC7E92E218CF65BB00656C47 /* CMMatcheeLeftMessage.h */ = {isa = PBXFileReference; fileEncoding = 4; lastKnownFileType = sourcecode.c.h; path = CMMatcheeLeftMessage.h; sourceTree = "<group>"; };
		AC7E92E318CF65BB00656C47 /* CMMatcheeLeftMessage.m */ = {isa = PBXFileReference; fileEncoding = 4; lastKnownFileType = sourcecode.c.objc; path = CMMatcheeLeftMessage.m; sourceTree = "<group>"; };
		AC7E92E518CF65BB00656C47 /* CMDeliveryResponse.h */ = {isa = PBXFileReference; fileEncoding = 4; lastKnownFileType = sourcecode.c.h; path = CMDeliveryResponse.h; sourceTree = "<group>"; };
		AC7E92E618CF65BB00656C47 /* CMDeliveryResponse.m */ = {isa = PBXFileReference; fileEncoding = 4; lastKnownFileType = sourcecode.c.objc; path = CMDeliveryResponse.m; sourceTree = "<group>"; };
		AC7E92E918CF65BB00656C47 /* CMLeaveGroupResponse.h */ = {isa = PBXFileReference; fileEncoding = 4; lastKnownFileType = sourcecode.c.h; path = CMLeaveGroupResponse.h; sourceTree = "<group>"; };
		AC7E92EA18CF65BB00656C47 /* CMLeaveGroupResponse.m */ = {isa = PBXFileReference; fileEncoding = 4; lastKnownFileType = sourcecode.c.objc; path = CMLeaveGroupResponse.m; sourceTree = "<group>"; };
		AC7E92EB18CF65BB00656C47 /* CMMatchResponse.h */ = {isa = PBXFileReference; fileEncoding = 4; lastKnownFileType = sourcecode.c.h; path = CMMatchResponse.h; sourceTree = "<group>"; };
		AC7E92EC18CF65BB00656C47 /* CMMatchResponse.m */ = {isa = PBXFileReference; fileEncoding = 4; lastKnownFileType = sourcecode.c.objc; path = CMMatchResponse.m; sourceTree = "<group>"; };
		AC7E92F018CF65BB00656C47 /* CMOnMovementDelegate.h */ = {isa = PBXFileReference; fileEncoding = 4; lastKnownFileType = sourcecode.c.h; path = CMOnMovementDelegate.h; sourceTree = "<group>"; };
		AC7E92F118CF65BB00656C47 /* CMOnServerEventDelegate.h */ = {isa = PBXFileReference; fileEncoding = 4; lastKnownFileType = sourcecode.c.h; path = CMOnServerEventDelegate.h; sourceTree = "<group>"; };
		AC7E92F218CF65BB00656C47 /* CMOnServerMessageDelegate.h */ = {isa = PBXFileReference; fileEncoding = 4; lastKnownFileType = sourcecode.c.h; path = CMOnServerMessageDelegate.h; sourceTree = "<group>"; };
/* End PBXFileReference section */

/* Begin PBXFrameworksBuildPhase section */
		9B8E4E831CE7166900CF9E51 /* Frameworks */ = {
			isa = PBXFrameworksBuildPhase;
			buildActionMask = 2147483647;
			files = (
				9B8E4EC41CE718FE00CF9E51 /* libicucore.tbd in Frameworks */,
				9B8E4EC11CE7181500CF9E51 /* SystemConfiguration.framework in Frameworks */,
				9B8E4EBF1CE7178600CF9E51 /* CFNetwork.framework in Frameworks */,
			);
			runOnlyForDeploymentPostprocessing = 0;
		};
/* End PBXFrameworksBuildPhase section */

/* Begin PBXGroup section */
		9B8E4E881CE7166900CF9E51 /* CouldmatchSDK */ = {
			isa = PBXGroup;
			children = (
				9B8E4E891CE7166900CF9E51 /* CouldmatchSDK.h */,
				9B8E4E8B1CE7166900CF9E51 /* Info.plist */,
			);
			path = CouldmatchSDK;
			sourceTree = "<group>";
		};
		AC7E925318CF64DD00656C47 = {
			isa = PBXGroup;
			children = (
				9B8E4EC31CE718FE00CF9E51 /* libicucore.tbd */,
				9B8E4EC01CE7181500CF9E51 /* SystemConfiguration.framework */,
				9B8E4EBE1CE7178600CF9E51 /* CFNetwork.framework */,
				AC7E929718CF656100656C47 /* Vendor */,
				AC7E926018CF64DD00656C47 /* CloudMatchSDK */,
				9B8E4E881CE7166900CF9E51 /* CouldmatchSDK */,
				AC7E925F18CF64DD00656C47 /* Products */,
			);
			sourceTree = "<group>";
		};
		AC7E925F18CF64DD00656C47 /* Products */ = {
			isa = PBXGroup;
			children = (
				9B8E4E871CE7166900CF9E51 /* CouldmatchSDK.framework */,
			);
			name = Products;
			sourceTree = "<group>";
		};
		AC7E926018CF64DD00656C47 /* CloudMatchSDK */ = {
			isa = PBXGroup;
			children = (
				AC7E92B018CF65BB00656C47 /* CloudMatch */,
				AC7E926718CF64DD00656C47 /* CloudMatchSDK.h */,
				AC7E926818CF64DD00656C47 /* CloudMatchSDK.m */,
				AC7E926118CF64DD00656C47 /* Supporting Files */,
			);
			path = CloudMatchSDK;
			sourceTree = "<group>";
		};
		AC7E926118CF64DD00656C47 /* Supporting Files */ = {
			isa = PBXGroup;
			children = (
				AC7E926218CF64DD00656C47 /* CloudMatchSDK-Info.plist */,
				AC7E926318CF64DD00656C47 /* InfoPlist.strings */,
				AC7E926618CF64DD00656C47 /* CloudMatchSDK-Prefix.pch */,
			);
			name = "Supporting Files";
			sourceTree = "<group>";
		};
		AC7E929718CF656100656C47 /* Vendor */ = {
			isa = PBXGroup;
			children = (
				AC7E92AF18CF658400656C47 /* SSKeychain */,
				AC7E929818CF657400656C47 /* SocketRocket */,
			);
			name = Vendor;
			sourceTree = "<group>";
		};
		AC7E929818CF657400656C47 /* SocketRocket */ = {
			isa = PBXGroup;
			children = (
				AC7E929918CF657400656C47 /* base64.c */,
				AC7E929A18CF657400656C47 /* base64.h */,
				AC7E929B18CF657400656C47 /* NSData+SRB64Additions.h */,
				AC7E929C18CF657400656C47 /* NSData+SRB64Additions.m */,
				AC7E929D18CF657400656C47 /* SocketRocket-Prefix.pch */,
				AC7E929E18CF657400656C47 /* SRWebSocket.h */,
				AC7E929F18CF657400656C47 /* SRWebSocket.m */,
			);
			name = SocketRocket;
			path = SocketRocket/SocketRocket;
			sourceTree = "<group>";
		};
		AC7E92AF18CF658400656C47 /* SSKeychain */ = {
			isa = PBXGroup;
			children = (
				AC7E92A718CF657F00656C47 /* SSKeychain.h */,
				AC7E92A818CF657F00656C47 /* SSKeychain.m */,
				AC7E92A918CF657F00656C47 /* SSKeychainQuery.h */,
				AC7E92AA18CF657F00656C47 /* SSKeychainQuery.m */,
			);
			name = SSKeychain;
			sourceTree = "<group>";
		};
		AC7E92B018CF65BB00656C47 /* CloudMatch */ = {
			isa = PBXGroup;
			children = (
				AC7E92B118CF65BB00656C47 /* Const */,
				AC7E92BD18CF65BB00656C47 /* CMCloudMatchClient.h */,
				AC7E92BE18CF65BB00656C47 /* CMCloudMatchClient.m */,
				AC7E92BF18CF65BB00656C47 /* CMInnerOuterChecker.h */,
				AC7E92C018CF65BB00656C47 /* CMInnerOuterChecker.m */,
				AC7E92C118CF65BB00656C47 /* CMLocation.h */,
				AC7E92C218CF65BB00656C47 /* CMLocation.m */,
				AC7E92C318CF65BB00656C47 /* Handlers */,
				AC7E92C618CF65BB00656C47 /* Helpers */,
				AC7E92CD18CF65BB00656C47 /* Models */,
				AC7E92EF18CF65BB00656C47 /* Protocols */,
			);
			path = CloudMatch;
			sourceTree = "<group>";
		};
		AC7E92B118CF65BB00656C47 /* Const */ = {
			isa = PBXGroup;
			children = (
				AC7E92B418CF65BB00656C47 /* CMJsonConstants.h */,
				AC7E92B518CF65BB00656C47 /* CMJsonConstants.m */,
				AC7E92B618CF65BB00656C47 /* CMJsonGeneralLabels.h */,
				AC7E92B718CF65BB00656C47 /* CMJsonGeneralLabels.m */,
				AC7E92B818CF65BB00656C47 /* CMJsonInputLabels.h */,
				AC7E92B918CF65BB00656C47 /* CMJsonInputLabels.m */,
				AC7E92BA18CF65BB00656C47 /* CMResponsesConstants.h */,
				AC7E92BB18CF65BB00656C47 /* CMResponsesConstants.m */,
				AC7E92BC18CF65BB00656C47 /* CMSwipeConstants.h */,
			);
			path = Const;
			sourceTree = "<group>";
		};
		AC7E92C318CF65BB00656C47 /* Handlers */ = {
			isa = PBXGroup;
			children = (
				AC7E92C418CF65BB00656C47 /* CMServerMessagesHandler.h */,
				AC7E92C518CF65BB00656C47 /* CMServerMessagesHandler.m */,
			);
			path = Handlers;
			sourceTree = "<group>";
		};
		AC7E92C618CF65BB00656C47 /* Helpers */ = {
			isa = PBXGroup;
			children = (
				AC7E92C718CF65BB00656C47 /* CMMatchHelper.h */,
				AC7E92C818CF65BB00656C47 /* CMMatchHelper.m */,
				AC7E92C918CF65BB00656C47 /* CMSwipeTranslationHelper.h */,
				AC7E92CA18CF65BB00656C47 /* CMSwipeTranslationHelper.m */,
				AC7E92CB18CF65BB00656C47 /* CMUtilities.h */,
				AC7E92CC18CF65BB00656C47 /* CMUtilities.m */,
			);
			path = Helpers;
			sourceTree = "<group>";
		};
		AC7E92CD18CF65BB00656C47 /* Models */ = {
			isa = PBXGroup;
			children = (
				AC7E92CE18CF65BB00656C47 /* CMDeviceInScheme.h */,
				AC7E92CF18CF65BB00656C47 /* CMDeviceInScheme.m */,
				AC7E92D018CF65BB00656C47 /* CMIntegerPoint.h */,
				AC7E92D118CF65BB00656C47 /* CMIntegerPoint.m */,
				AC7E92D218CF65BB00656C47 /* CMPositionScheme.h */,
				AC7E92D318CF65BB00656C47 /* CMPositionScheme.m */,
				AC7E92D418CF65BB00656C47 /* Inputs */,
				AC7E92DD18CF65BB00656C47 /* Messages */,
				AC7E92E418CF65BB00656C47 /* Responses */,
			);
			path = Models;
			sourceTree = "<group>";
		};
		AC7E92D418CF65BB00656C47 /* Inputs */ = {
			isa = PBXGroup;
			children = (
				AC7E92D518CF65BB00656C47 /* CMDeliveryInput.h */,
				AC7E92D618CF65BB00656C47 /* CMDeliveryInput.m */,
				AC7E92D718CF65BB00656C47 /* CMDisconnectInput.h */,
				AC7E92D818CF65BB00656C47 /* CMDisconnectInput.m */,
				AC7E92D918CF65BB00656C47 /* CMLeaveGroupInput.h */,
				AC7E92DA18CF65BB00656C47 /* CMLeaveGroupInput.m */,
				AC7E92DB18CF65BB00656C47 /* CMMatchInput.h */,
				AC7E92DC18CF65BB00656C47 /* CMMatchInput.m */,
			);
			path = Inputs;
			sourceTree = "<group>";
		};
		AC7E92DD18CF65BB00656C47 /* Messages */ = {
			isa = PBXGroup;
			children = (
				AC7E92DE18CF65BB00656C47 /* CMMatcheeDelivery.h */,
				AC7E92DF18CF65BB00656C47 /* CMMatcheeDelivery.m */,
				AC7E92E018CF65BB00656C47 /* CMMatcheeDeliveryMessage.h */,
				AC7E92E118CF65BB00656C47 /* CMMatcheeDeliveryMessage.m */,
				AC7E92E218CF65BB00656C47 /* CMMatcheeLeftMessage.h */,
				AC7E92E318CF65BB00656C47 /* CMMatcheeLeftMessage.m */,
			);
			path = Messages;
			sourceTree = "<group>";
		};
		AC7E92E418CF65BB00656C47 /* Responses */ = {
			isa = PBXGroup;
			children = (
				AC7E92E518CF65BB00656C47 /* CMDeliveryResponse.h */,
				AC7E92E618CF65BB00656C47 /* CMDeliveryResponse.m */,
				AC7E92E918CF65BB00656C47 /* CMLeaveGroupResponse.h */,
				AC7E92EA18CF65BB00656C47 /* CMLeaveGroupResponse.m */,
				AC7E92EB18CF65BB00656C47 /* CMMatchResponse.h */,
				AC7E92EC18CF65BB00656C47 /* CMMatchResponse.m */,
			);
			path = Responses;
			sourceTree = "<group>";
		};
		AC7E92EF18CF65BB00656C47 /* Protocols */ = {
			isa = PBXGroup;
			children = (
				AC7E92F018CF65BB00656C47 /* CMOnMovementDelegate.h */,
				AC7E92F118CF65BB00656C47 /* CMOnServerEventDelegate.h */,
				AC7E92F218CF65BB00656C47 /* CMOnServerMessageDelegate.h */,
			);
			path = Protocols;
			sourceTree = "<group>";
		};
/* End PBXGroup section */

/* Begin PBXHeadersBuildPhase section */
		9B8E4E841CE7166900CF9E51 /* Headers */ = {
			isa = PBXHeadersBuildPhase;
			buildActionMask = 2147483647;
			files = (
				9B8E4E8A1CE7166900CF9E51 /* CouldmatchSDK.h in Headers */,
				9B77F1B81CE878420028689B /* CloudMatchSDK.h in Headers */,
				9B77F1B91CE87E300028689B /* CMCloudMatchClient.h in Headers */,
				9B77F1BA1CE87E320028689B /* CMInnerOuterChecker.h in Headers */,
				9B77F1BB1CE87E350028689B /* CMLocation.h in Headers */,
				9B77F1FD1CE87F770028689B /* SRWebSocket.h in Headers */,
				9B77F2021CE87FAF0028689B /* CMJsonGeneralLabels.h in Headers */,
				9B77F2031CE87FAF0028689B /* CMJsonInputLabels.h in Headers */,
				9B77F2041CE87FAF0028689B /* CMResponsesConstants.h in Headers */,
				9B77F2111CE8807C0028689B /* CMSwipeTranslationHelper.h in Headers */,
				9B77F2051CE87FAF0028689B /* CMSwipeConstants.h in Headers */,
				9B77F2141CE880B00028689B /* CMDeliveryInput.h in Headers */,
				9B77F2151CE880B00028689B /* CMDisconnectInput.h in Headers */,
				9B77F2161CE880B00028689B /* CMLeaveGroupInput.h in Headers */,
				9B77F2171CE880B00028689B /* CMMatchInput.h in Headers */,
				9B77F2181CE880B00028689B /* CMMatcheeDelivery.h in Headers */,
				9B77F2191CE880B00028689B /* CMMatcheeDeliveryMessage.h in Headers */,
				9B77F21A1CE880B00028689B /* CMMatcheeLeftMessage.h in Headers */,
				9B77F21B1CE880B00028689B /* CMDeliveryResponse.h in Headers */,
				9B77F21C1CE880B00028689B /* CMLeaveGroupResponse.h in Headers */,
				9B77F21D1CE880B00028689B /* CMMatchResponse.h in Headers */,
				9B77F21E1CE880B00028689B /* CMOnServerEventDelegate.h in Headers */,
				9B77F21F1CE880B00028689B /* CMOnServerMessageDelegate.h in Headers */,
				9B77F2221CE880D30028689B /* CMMatchHelper.h in Headers */,
				9B77F2231CE880D30028689B /* CMUtilities.h in Headers */,
				9B77F20A1CE8800D0028689B /* CMOnMovementDelegate.h in Headers */,
				9B77F2261CE880F40028689B /* CMDeviceInScheme.h in Headers */,
				9B77F2271CE880F40028689B /* CMIntegerPoint.h in Headers */,
				9B77F2281CE880F40028689B /* CMPositionScheme.h in Headers */,
				9B8E4EA01CE716DE00CF9E51 /* base64.h in Headers */,
				9B77F2001CE87F980028689B /* CMJsonConstants.h in Headers */,
				9B77F22B1CE881110028689B /* CMServerMessagesHandler.h in Headers */,
			);
			runOnlyForDeploymentPostprocessing = 0;
		};
/* End PBXHeadersBuildPhase section */

/* Begin PBXNativeTarget section */
		9B8E4E861CE7166900CF9E51 /* CouldmatchSDK */ = {
			isa = PBXNativeTarget;
			buildConfigurationList = 9B8E4E9C1CE7166A00CF9E51 /* Build configuration list for PBXNativeTarget "CouldmatchSDK" */;
			buildPhases = (
				9B8E4E821CE7166900CF9E51 /* Sources */,
				9B8E4E831CE7166900CF9E51 /* Frameworks */,
				9B8E4E841CE7166900CF9E51 /* Headers */,
				9B8E4E851CE7166900CF9E51 /* Resources */,
			);
			buildRules = (
			);
			dependencies = (
			);
			name = CouldmatchSDK;
			productName = CouldmatchSDK;
			productReference = 9B8E4E871CE7166900CF9E51 /* CouldmatchSDK.framework */;
			productType = "com.apple.product-type.framework";
		};
/* End PBXNativeTarget section */

/* Begin PBXProject section */
		AC7E925418CF64DD00656C47 /* Project object */ = {
			isa = PBXProject;
			attributes = {
				LastUpgradeCheck = 0730;
				ORGANIZATIONNAME = CloudMatch;
				TargetAttributes = {
					9B8E4E861CE7166900CF9E51 = {
						CreatedOnToolsVersion = 7.3.1;
						DevelopmentTeam = SYSB7DM9AH;
					};
				};
			};
			buildConfigurationList = AC7E925718CF64DD00656C47 /* Build configuration list for PBXProject "CloudMatchSDK" */;
			compatibilityVersion = "Xcode 3.2";
			developmentRegion = English;
			hasScannedForEncodings = 0;
			knownRegions = (
				en,
			);
			mainGroup = AC7E925318CF64DD00656C47;
			productRefGroup = AC7E925F18CF64DD00656C47 /* Products */;
			projectDirPath = "";
			projectRoot = "";
			targets = (
				9B8E4E861CE7166900CF9E51 /* CouldmatchSDK */,
			);
		};
/* End PBXProject section */

/* Begin PBXResourcesBuildPhase section */
		9B8E4E851CE7166900CF9E51 /* Resources */ = {
			isa = PBXResourcesBuildPhase;
			buildActionMask = 2147483647;
			files = (
			);
			runOnlyForDeploymentPostprocessing = 0;
		};
/* End PBXResourcesBuildPhase section */

/* Begin PBXSourcesBuildPhase section */
		9B8E4E821CE7166900CF9E51 /* Sources */ = {
			isa = PBXSourcesBuildPhase;
			buildActionMask = 2147483647;
			files = (
				9B8E4EB21CE7173B00CF9E51 /* CMDeliveryInput.m in Sources */,
				9B8E4EB61CE7174600CF9E51 /* CMMatcheeDelivery.m in Sources */,
				9B8E4EB71CE7174900CF9E51 /* CMMatcheeDeliveryMessage.m in Sources */,
				9B8E4EA81CE7170A00CF9E51 /* CMCloudMatchClient.m in Sources */,
				9B8E4EB01CE7172800CF9E51 /* CMIntegerPoint.m in Sources */,
				9B8E4EAD1CE7171A00CF9E51 /* CMSwipeTranslationHelper.m in Sources */,
				9B8E4EAF1CE7172200CF9E51 /* CMDeviceInScheme.m in Sources */,
				9B8E4EBD1CE7176000CF9E51 /* CloudMatchSDK.m in Sources */,
				9B8E4EA21CE716E300CF9E51 /* SRWebSocket.m in Sources */,
				9B8E4EB81CE7174B00CF9E51 /* CMMatcheeLeftMessage.m in Sources */,
				9B8E4EBB1CE7175500CF9E51 /* CMMatchResponse.m in Sources */,
				9B8E4EB91CE7174F00CF9E51 /* CMDeliveryResponse.m in Sources */,
				9B8E4EA11CE716E000CF9E51 /* NSData+SRB64Additions.m in Sources */,
				9B8E4EAE1CE7171C00CF9E51 /* CMUtilities.m in Sources */,
				9B8E4EB41CE7174000CF9E51 /* CMLeaveGroupInput.m in Sources */,
				9B8E4EA71CE7170700CF9E51 /* CMResponsesConstants.m in Sources */,
				9B8E4EBA1CE7175300CF9E51 /* CMLeaveGroupResponse.m in Sources */,
				9B8E4EAB1CE7171400CF9E51 /* CMServerMessagesHandler.m in Sources */,
				9B8E4EB31CE7173D00CF9E51 /* CMDisconnectInput.m in Sources */,
				9B8E4EAA1CE7170F00CF9E51 /* CMLocation.m in Sources */,
				9B8E4E9F1CE716C900CF9E51 /* SSKeychainQuery.m in Sources */,
				9B8E4EA61CE7170400CF9E51 /* CMJsonInputLabels.m in Sources */,
				9B8E4EC21CE7184F00CF9E51 /* base64.c in Sources */,
				9B8E4E9E1CE716C600CF9E51 /* SSKeychain.m in Sources */,
				9B8E4EB11CE7173200CF9E51 /* CMPositionScheme.m in Sources */,
				9B8E4EB51CE7174200CF9E51 /* CMMatchInput.m in Sources */,
				9B8E4EAC1CE7171800CF9E51 /* CMMatchHelper.m in Sources */,
				9B8E4EA91CE7170C00CF9E51 /* CMInnerOuterChecker.m in Sources */,
				9B8E4EA41CE7170000CF9E51 /* CMJsonConstants.m in Sources */,
				9B8E4EA51CE7170200CF9E51 /* CMJsonGeneralLabels.m in Sources */,
			);
			runOnlyForDeploymentPostprocessing = 0;
		};
/* End PBXSourcesBuildPhase section */

/* Begin PBXVariantGroup section */
		AC7E926318CF64DD00656C47 /* InfoPlist.strings */ = {
			isa = PBXVariantGroup;
			children = (
				AC7E926418CF64DD00656C47 /* en */,
			);
			name = InfoPlist.strings;
			sourceTree = "<group>";
		};
/* End PBXVariantGroup section */

/* Begin XCBuildConfiguration section */
		9B8E4E981CE7166A00CF9E51 /* Debug */ = {
			isa = XCBuildConfiguration;
			buildSettings = {
				CLANG_ANALYZER_NONNULL = YES;
				CLANG_WARN_UNREACHABLE_CODE = YES;
				CODE_SIGN_IDENTITY = "iPhone Developer";
				"CODE_SIGN_IDENTITY[sdk=iphoneos*]" = "iPhone Developer";
				CURRENT_PROJECT_VERSION = 1;
				DEBUG_INFORMATION_FORMAT = dwarf;
				DEFINES_MODULE = YES;
				DYLIB_COMPATIBILITY_VERSION = 1;
				DYLIB_CURRENT_VERSION = 1;
				DYLIB_INSTALL_NAME_BASE = "@rpath";
				ENABLE_STRICT_OBJC_MSGSEND = YES;
				GCC_NO_COMMON_BLOCKS = YES;
				INFOPLIST_FILE = CouldmatchSDK/Info.plist;
				INSTALL_PATH = "$(LOCAL_LIBRARY_DIR)/Frameworks";
				IPHONEOS_DEPLOYMENT_TARGET = 9.0;
				LD_RUNPATH_SEARCH_PATHS = "$(inherited) @executable_path/Frameworks @loader_path/Frameworks";
				MTL_ENABLE_DEBUG_INFO = YES;
				PRODUCT_BUNDLE_IDENTIFIER = com.roundwallsoftware.CouldmatchSDK;
				PRODUCT_NAME = "$(TARGET_NAME)";
				SKIP_INSTALL = YES;
				TARGETED_DEVICE_FAMILY = "1,2";
				VERSIONING_SYSTEM = "apple-generic";
				VERSION_INFO_PREFIX = "";
			};
			name = Debug;
		};
		9B8E4E991CE7166A00CF9E51 /* Release */ = {
			isa = XCBuildConfiguration;
			buildSettings = {
				CLANG_ANALYZER_NONNULL = YES;
				CLANG_WARN_UNREACHABLE_CODE = YES;
				CODE_SIGN_IDENTITY = "iPhone Developer";
				"CODE_SIGN_IDENTITY[sdk=iphoneos*]" = "iPhone Developer";
				COPY_PHASE_STRIP = NO;
				CURRENT_PROJECT_VERSION = 1;
				DEBUG_INFORMATION_FORMAT = "dwarf-with-dsym";
				DEFINES_MODULE = YES;
				DYLIB_COMPATIBILITY_VERSION = 1;
				DYLIB_CURRENT_VERSION = 1;
				DYLIB_INSTALL_NAME_BASE = "@rpath";
				ENABLE_STRICT_OBJC_MSGSEND = YES;
				GCC_NO_COMMON_BLOCKS = YES;
				INFOPLIST_FILE = CouldmatchSDK/Info.plist;
				INSTALL_PATH = "$(LOCAL_LIBRARY_DIR)/Frameworks";
				IPHONEOS_DEPLOYMENT_TARGET = 9.0;
				LD_RUNPATH_SEARCH_PATHS = "$(inherited) @executable_path/Frameworks @loader_path/Frameworks";
				MTL_ENABLE_DEBUG_INFO = NO;
				PRODUCT_BUNDLE_IDENTIFIER = com.roundwallsoftware.CouldmatchSDK;
				PRODUCT_NAME = "$(TARGET_NAME)";
				SKIP_INSTALL = YES;
				TARGETED_DEVICE_FAMILY = "1,2";
				VERSIONING_SYSTEM = "apple-generic";
				VERSION_INFO_PREFIX = "";
			};
			name = Release;
		};
		AC7E926A18CF64DD00656C47 /* Debug */ = {
			isa = XCBuildConfiguration;
			buildSettings = {
				ALWAYS_SEARCH_USER_PATHS = NO;
				CLANG_CXX_LANGUAGE_STANDARD = "gnu++0x";
				CLANG_CXX_LIBRARY = "libc++";
				CLANG_ENABLE_MODULES = YES;
				CLANG_ENABLE_OBJC_ARC = YES;
				CLANG_WARN_BOOL_CONVERSION = YES;
				CLANG_WARN_CONSTANT_CONVERSION = YES;
				CLANG_WARN_DIRECT_OBJC_ISA_USAGE = YES_ERROR;
				CLANG_WARN_EMPTY_BODY = YES;
				CLANG_WARN_ENUM_CONVERSION = YES;
				CLANG_WARN_INT_CONVERSION = YES;
				CLANG_WARN_OBJC_ROOT_CLASS = YES_ERROR;
				CLANG_WARN__DUPLICATE_METHOD_MATCH = YES;
				COPY_PHASE_STRIP = NO;
				ENABLE_TESTABILITY = YES;
				GCC_C_LANGUAGE_STANDARD = gnu99;
				GCC_DYNAMIC_NO_PIC = NO;
				GCC_OPTIMIZATION_LEVEL = 0;
				GCC_PREPROCESSOR_DEFINITIONS = (
					"DEBUG=1",
					"$(inherited)",
				);
				GCC_SYMBOLS_PRIVATE_EXTERN = NO;
				GCC_WARN_64_TO_32_BIT_CONVERSION = YES;
				GCC_WARN_ABOUT_RETURN_TYPE = YES_ERROR;
				GCC_WARN_UNDECLARED_SELECTOR = YES;
				GCC_WARN_UNINITIALIZED_AUTOS = YES_AGGRESSIVE;
				GCC_WARN_UNUSED_FUNCTION = YES;
				GCC_WARN_UNUSED_VARIABLE = YES;
				IPHONEOS_DEPLOYMENT_TARGET = 9.0;
				ONLY_ACTIVE_ARCH = YES;
				SDKROOT = iphoneos;
			};
			name = Debug;
		};
		AC7E926B18CF64DD00656C47 /* Release */ = {
			isa = XCBuildConfiguration;
			buildSettings = {
				ALWAYS_SEARCH_USER_PATHS = NO;
				CLANG_CXX_LANGUAGE_STANDARD = "gnu++0x";
				CLANG_CXX_LIBRARY = "libc++";
				CLANG_ENABLE_MODULES = YES;
				CLANG_ENABLE_OBJC_ARC = YES;
				CLANG_WARN_BOOL_CONVERSION = YES;
				CLANG_WARN_CONSTANT_CONVERSION = YES;
				CLANG_WARN_DIRECT_OBJC_ISA_USAGE = YES_ERROR;
				CLANG_WARN_EMPTY_BODY = YES;
				CLANG_WARN_ENUM_CONVERSION = YES;
				CLANG_WARN_INT_CONVERSION = YES;
				CLANG_WARN_OBJC_ROOT_CLASS = YES_ERROR;
				CLANG_WARN__DUPLICATE_METHOD_MATCH = YES;
				COPY_PHASE_STRIP = YES;
				ENABLE_NS_ASSERTIONS = NO;
				GCC_C_LANGUAGE_STANDARD = gnu99;
				GCC_WARN_64_TO_32_BIT_CONVERSION = YES;
				GCC_WARN_ABOUT_RETURN_TYPE = YES_ERROR;
				GCC_WARN_UNDECLARED_SELECTOR = YES;
				GCC_WARN_UNINITIALIZED_AUTOS = YES_AGGRESSIVE;
				GCC_WARN_UNUSED_FUNCTION = YES;
				GCC_WARN_UNUSED_VARIABLE = YES;
				IPHONEOS_DEPLOYMENT_TARGET = 9.0;
				SDKROOT = iphoneos;
				VALIDATE_PRODUCT = YES;
			};
			name = Release;
		};
/* End XCBuildConfiguration section */

/* Begin XCConfigurationList section */
		9B8E4E9C1CE7166A00CF9E51 /* Build configuration list for PBXNativeTarget "CouldmatchSDK" */ = {
			isa = XCConfigurationList;
			buildConfigurations = (
				9B8E4E981CE7166A00CF9E51 /* Debug */,
				9B8E4E991CE7166A00CF9E51 /* Release */,
			);
			defaultConfigurationIsVisible = 0;
			defaultConfigurationName = Release;
		};
		AC7E925718CF64DD00656C47 /* Build configuration list for PBXProject "CloudMatchSDK" */ = {
			isa = XCConfigurationList;
			buildConfigurations = (
				AC7E926A18CF64DD00656C47 /* Debug */,
				AC7E926B18CF64DD00656C47 /* Release */,
			);
			defaultConfigurationIsVisible = 0;
			defaultConfigurationName = Release;
		};
/* End XCConfigurationList section */
	};
	rootObject = AC7E925418CF64DD00656C47 /* Project object */;
}
